
Microsoft Visual Studio Solution File, Format Version 12.00
# Visual Studio Version 17
VisualStudioVersion = 17.0.32112.339
MinimumVisualStudioVersion = 10.0.40219.1
Project("{FAE04EC0-301F-11D3-BF4B-00C04F79EFBC}") = "Project", "Project.csproj", "{D728CF8D-9479-4814-89A1-1C162ECAE293}"
EndProject
Global
	GlobalSection(SolutionConfigurationPlatforms) = preSolution
		Debug|Any CPU = Debug|Any CPU
		Release|Any CPU = Release|Any CPU
	EndGlobalSection
	GlobalSection(ProjectConfigurationPlatforms) = postSolution
		{D728CF8D-9479-4814-89A1-1C162ECAE293}.Debug|Any CPU.ActiveCfg = Debug|Any CPU
		{D728CF8D-9479-4814-89A1-1C162ECAE293}.Debug|Any CPU.Build.0 = Debug|Any CPU
		{D728CF8D-9479-4814-89A1-1C162ECAE293}.Release|Any CPU.ActiveCfg = Release|Any CPU
		{D728CF8D-9479-4814-89A1-1C162ECAE293}.Release|Any CPU.Build.0 = Release|Any CPU
	EndGlobalSection
	GlobalSection(SolutionProperties) = preSolution
		HideSolutionNode = FALSE
	EndGlobalSection
	GlobalSection(ExtensibilityGlobals) = postSolution
		SolutionGuid = {C31C27B8-01D2-4FC2-BA0D-5325628ADC98}
	EndGlobalSection
EndGlobal
